// !$*UTF8*$!
{
	archiveVersion = 1;
	classes = {
	};
	objectVersion = 46;
	objects = {

/* Begin PBXBuildFile section */
		6057EF3E1CC5C2BC00AD564D /* AddLeagueViewController.swift in Sources */ = {isa = PBXBuildFile; fileRef = 6057EF3D1CC5C2BC00AD564D /* AddLeagueViewController.swift */; };
		6057EF401CC5F09500AD564D /* UpdateLeagueUIViewController.swift in Sources */ = {isa = PBXBuildFile; fileRef = 6057EF3F1CC5F09500AD564D /* UpdateLeagueUIViewController.swift */; };
		79BF6DFC3E2F77558978AF57 /* Pods_SLMS.framework in Frameworks */ = {isa = PBXBuildFile; fileRef = 217DCF4D16CBC6D086DC928F /* Pods_SLMS.framework */; };
		BD2599EB1CC3E8FD000C612A /* AppDelegate.swift in Sources */ = {isa = PBXBuildFile; fileRef = BD2599EA1CC3E8FD000C612A /* AppDelegate.swift */; };
		BD2599F21CC3E8FD000C612A /* Main.storyboard in Resources */ = {isa = PBXBuildFile; fileRef = BD2599F01CC3E8FD000C612A /* Main.storyboard */; };
		BD2599F41CC3E8FD000C612A /* Assets.xcassets in Resources */ = {isa = PBXBuildFile; fileRef = BD2599F31CC3E8FD000C612A /* Assets.xcassets */; };
		BD2599F71CC3E8FD000C612A /* LaunchScreen.storyboard in Resources */ = {isa = PBXBuildFile; fileRef = BD2599F51CC3E8FD000C612A /* LaunchScreen.storyboard */; };
		BD259A001CC3EC7B000C612A /* League.swift in Sources */ = {isa = PBXBuildFile; fileRef = BD2599FF1CC3EC7B000C612A /* League.swift */; };
		BD259A021CC3EE2C000C612A /* Player.swift in Sources */ = {isa = PBXBuildFile; fileRef = BD259A011CC3EE2C000C612A /* Player.swift */; };
		BD259A041CC3EE3E000C612A /* Person.swift in Sources */ = {isa = PBXBuildFile; fileRef = BD259A031CC3EE3E000C612A /* Person.swift */; };
		BD259A061CC3EF70000C612A /* Coach.swift in Sources */ = {isa = PBXBuildFile; fileRef = BD259A051CC3EF70000C612A /* Coach.swift */; };
		BD259A0A1CC3F06B000C612A /* Team.swift in Sources */ = {isa = PBXBuildFile; fileRef = BD259A091CC3F06B000C612A /* Team.swift */; };
		BD259A0C1CC3F1D6000C612A /* Organizers.swift in Sources */ = {isa = PBXBuildFile; fileRef = BD259A0B1CC3F1D6000C612A /* Organizers.swift */; };
		BD259A0E1CC3F3E2000C612A /* LeaguesTableViewController.swift in Sources */ = {isa = PBXBuildFile; fileRef = BD259A0D1CC3F3E2000C612A /* LeaguesTableViewController.swift */; };
		BD259A121CC3F4D8000C612A /* LeaguesTableViewCell.swift in Sources */ = {isa = PBXBuildFile; fileRef = BD259A111CC3F4D8000C612A /* LeaguesTableViewCell.swift */; };
		BD259A161CC3F6FD000C612A /* BEActios.swift in Sources */ = {isa = PBXBuildFile; fileRef = BD259A151CC3F6FD000C612A /* BEActios.swift */; };
		BD259A181CC406F1000C612A /* LeagueDetailTableViewController.swift in Sources */ = {isa = PBXBuildFile; fileRef = BD259A171CC406F1000C612A /* LeagueDetailTableViewController.swift */; };
		BD259A1B1CC40B05000C612A /* LeagueDetalCellOnceSelected.swift in Sources */ = {isa = PBXBuildFile; fileRef = BD259A1A1CC40B05000C612A /* LeagueDetalCellOnceSelected.swift */; };
		BD259A1D1CC40B75000C612A /* TeamNameTableViewCell.swift in Sources */ = {isa = PBXBuildFile; fileRef = BD259A1C1CC40B75000C612A /* TeamNameTableViewCell.swift */; };
		BD259A1F1CC40B9A000C612A /* OrganizerNameTableViewCell.swift in Sources */ = {isa = PBXBuildFile; fileRef = BD259A1E1CC40B9A000C612A /* OrganizerNameTableViewCell.swift */; };
		BD259A211CC42AD6000C612A /* PlayerNameTableViewCell.swift in Sources */ = {isa = PBXBuildFile; fileRef = BD259A201CC42AD6000C612A /* PlayerNameTableViewCell.swift */; };
		BD259A231CC42B74000C612A /* TeamTableViewController.swift in Sources */ = {isa = PBXBuildFile; fileRef = BD259A221CC42B74000C612A /* TeamTableViewController.swift */; };
		BD259A251CC43451000C612A /* CoachNameTableViewCell.swift in Sources */ = {isa = PBXBuildFile; fileRef = BD259A241CC43451000C612A /* CoachNameTableViewCell.swift */; };
		BD259A2A1CC43E23000C612A /* PlayerDetailsViewController.swift in Sources */ = {isa = PBXBuildFile; fileRef = BD259A291CC43E23000C612A /* PlayerDetailsViewController.swift */; };
		BD259A2C1CC44299000C612A /* CoachDetailsViewController.swift in Sources */ = {isa = PBXBuildFile; fileRef = BD259A2B1CC44299000C612A /* CoachDetailsViewController.swift */; };
		BD259A301CC44658000C612A /* CaptainNameTableViewCell.swift in Sources */ = {isa = PBXBuildFile; fileRef = BD259A2F1CC44658000C612A /* CaptainNameTableViewCell.swift */; };
		BD259A321CC44811000C612A /* OrganizerDetailsViewController.swift in Sources */ = {isa = PBXBuildFile; fileRef = BD259A311CC44811000C612A /* OrganizerDetailsViewController.swift */; };
		BD259A341CC44C0E000C612A /* Game.swift in Sources */ = {isa = PBXBuildFile; fileRef = BD259A331CC44C0E000C612A /* Game.swift */; };
		BD259A361CC44C8E000C612A /* Field.swift in Sources */ = {isa = PBXBuildFile; fileRef = BD259A351CC44C8E000C612A /* Field.swift */; };
		BD259A381CC44DA8000C612A /* GameStat.swift in Sources */ = {isa = PBXBuildFile; fileRef = BD259A371CC44DA8000C612A /* GameStat.swift */; };
		BD259A3C1CC44ED0000C612A /* Card.swift in Sources */ = {isa = PBXBuildFile; fileRef = BD259A3B1CC44ED0000C612A /* Card.swift */; };
		BD259A3E1CC44EFD000C612A /* Goal.swift in Sources */ = {isa = PBXBuildFile; fileRef = BD259A3D1CC44EFD000C612A /* Goal.swift */; };
		BD259A401CC44F4C000C612A /* Referee.swift in Sources */ = {isa = PBXBuildFile; fileRef = BD259A3F1CC44F4C000C612A /* Referee.swift */; };
		BD4A89761CCAD3DB00DA715F /* TeamDetailsUITableViewController.swift in Sources */ = {isa = PBXBuildFile; fileRef = BD4A89751CCAD3DB00DA715F /* TeamDetailsUITableViewController.swift */; };
		BD4A89781CCAD3F900DA715F /* EditTeamUITableViewController.swift in Sources */ = {isa = PBXBuildFile; fileRef = BD4A89771CCAD3F900DA715F /* EditTeamUITableViewController.swift */; };
		BDBF01491CC9D8AF00970726 /* AddNewFieldUIViewController.swift in Sources */ = {isa = PBXBuildFile; fileRef = BDBF01481CC9D8AF00970726 /* AddNewFieldUIViewController.swift */; };
		BDBF014B1CC9EF9A00970726 /* DatePickerDialog.swift in Sources */ = {isa = PBXBuildFile; fileRef = BDBF014A1CC9EF9A00970726 /* DatePickerDialog.swift */; };
		BDBF014D1CC9F64800970726 /* GameCellUITableViewCell.swift in Sources */ = {isa = PBXBuildFile; fileRef = BDBF014C1CC9F64800970726 /* GameCellUITableViewCell.swift */; };
		BDBF01511CCA12D700970726 /* UpdateGameStatTableViewController.swift in Sources */ = {isa = PBXBuildFile; fileRef = BDBF01501CCA12D700970726 /* UpdateGameStatTableViewController.swift */; };
		BDBF01531CCA1CAF00970726 /* AddGoalUITableViewController.swift in Sources */ = {isa = PBXBuildFile; fileRef = BDBF01521CCA1CAF00970726 /* AddGoalUITableViewController.swift */; };
		BDBF01551CCA1CC400970726 /* AddCardUITableViewController.swift in Sources */ = {isa = PBXBuildFile; fileRef = BDBF01541CCA1CC400970726 /* AddCardUITableViewController.swift */; };
		BDFC79371CC7F5D3007D6784 /* btnRegister.png in Resources */ = {isa = PBXBuildFile; fileRef = BDFC79361CC7F5D3007D6784 /* btnRegister.png */; };
		BDFC793C1CC7F5E2007D6784 /* btnSignin.png in Resources */ = {isa = PBXBuildFile; fileRef = BDFC79381CC7F5E2007D6784 /* btnSignin.png */; };
		BDFC793D1CC7F5E2007D6784 /* Default-568h@2x.png in Resources */ = {isa = PBXBuildFile; fileRef = BDFC79391CC7F5E2007D6784 /* Default-568h@2x.png */; };
		BDFC793E1CC7F5E2007D6784 /* Museo500-Regular.otf in Resources */ = {isa = PBXBuildFile; fileRef = BDFC793A1CC7F5E2007D6784 /* Museo500-Regular.otf */; };
		BDFC793F1CC7F5E2007D6784 /* test.mp4 in Resources */ = {isa = PBXBuildFile; fileRef = BDFC793B1CC7F5E2007D6784 /* test.mp4 */; };
		BDFC79411CC7FCC1007D6784 /* backgroundImage.jpg in Resources */ = {isa = PBXBuildFile; fileRef = BDFC79401CC7FCC1007D6784 /* backgroundImage.jpg */; };
		BDFC79431CC7FE29007D6784 /* CreateAccountViewController.xib in Resources */ = {isa = PBXBuildFile; fileRef = BDFC79421CC7FE29007D6784 /* CreateAccountViewController.xib */; };
		BDFC79451CC7FE2E007D6784 /* CreateAccountViewController.swift in Sources */ = {isa = PBXBuildFile; fileRef = BDFC79441CC7FE2E007D6784 /* CreateAccountViewController.swift */; };
		BDFC79471CC96F37007D6784 /* PopulateLeagueUITableViewController.swift in Sources */ = {isa = PBXBuildFile; fileRef = BDFC79461CC96F37007D6784 /* PopulateLeagueUITableViewController.swift */; };
		BDFC79491CC9C75C007D6784 /* gameTimeUITableViewCell.swift in Sources */ = {isa = PBXBuildFile; fileRef = BDFC79481CC9C75C007D6784 /* gameTimeUITableViewCell.swift */; };
		BDFC794B1CC9C831007D6784 /* AddGameUITableViewController.swift in Sources */ = {isa = PBXBuildFile; fileRef = BDFC794A1CC9C831007D6784 /* AddGameUITableViewController.swift */; };
		BDFC794D1CC9CD8E007D6784 /* FieldsUITableViewController.swift in Sources */ = {isa = PBXBuildFile; fileRef = BDFC794C1CC9CD8E007D6784 /* FieldsUITableViewController.swift */; };
		BDFC794F1CC9D196007D6784 /* FieldCellUITableViewCell.swift in Sources */ = {isa = PBXBuildFile; fileRef = BDFC794E1CC9D196007D6784 /* FieldCellUITableViewCell.swift */; };
		C302DEC41CC70A3500699CEB /* TeamsListTableViewController.swift in Sources */ = {isa = PBXBuildFile; fileRef = C302DEC31CC70A3500699CEB /* TeamsListTableViewController.swift */; };
		C302DEC61CC7117900699CEB /* AddTeamTableViewController.swift in Sources */ = {isa = PBXBuildFile; fileRef = C302DEC51CC7117900699CEB /* AddTeamTableViewController.swift */; };
		C302DEC81CC734E700699CEB /* teamNameInputTableViewCell.swift in Sources */ = {isa = PBXBuildFile; fileRef = C302DEC71CC734E700699CEB /* teamNameInputTableViewCell.swift */; };
/* End PBXBuildFile section */

/* Begin PBXFileReference section */
		217DCF4D16CBC6D086DC928F /* Pods_SLMS.framework */ = {isa = PBXFileReference; explicitFileType = wrapper.framework; includeInIndex = 0; path = Pods_SLMS.framework; sourceTree = BUILT_PRODUCTS_DIR; };
		6057EF3D1CC5C2BC00AD564D /* AddLeagueViewController.swift */ = {isa = PBXFileReference; fileEncoding = 4; lastKnownFileType = sourcecode.swift; path = AddLeagueViewController.swift; sourceTree = "<group>"; };
		6057EF3F1CC5F09500AD564D /* UpdateLeagueUIViewController.swift */ = {isa = PBXFileReference; fileEncoding = 4; lastKnownFileType = sourcecode.swift; path = UpdateLeagueUIViewController.swift; sourceTree = "<group>"; };
		BD2599E71CC3E8FD000C612A /* SLMS.app */ = {isa = PBXFileReference; explicitFileType = wrapper.application; includeInIndex = 0; path = SLMS.app; sourceTree = BUILT_PRODUCTS_DIR; };
		BD2599EA1CC3E8FD000C612A /* AppDelegate.swift */ = {isa = PBXFileReference; lastKnownFileType = sourcecode.swift; path = AppDelegate.swift; sourceTree = "<group>"; };
		BD2599F11CC3E8FD000C612A /* Base */ = {isa = PBXFileReference; lastKnownFileType = file.storyboard; name = Base; path = Base.lproj/Main.storyboard; sourceTree = "<group>"; };
		BD2599F31CC3E8FD000C612A /* Assets.xcassets */ = {isa = PBXFileReference; lastKnownFileType = folder.assetcatalog; path = Assets.xcassets; sourceTree = "<group>"; };
		BD2599F61CC3E8FD000C612A /* Base */ = {isa = PBXFileReference; lastKnownFileType = file.storyboard; name = Base; path = Base.lproj/LaunchScreen.storyboard; sourceTree = "<group>"; };
		BD2599F81CC3E8FD000C612A /* Info.plist */ = {isa = PBXFileReference; lastKnownFileType = text.plist.xml; path = Info.plist; sourceTree = "<group>"; };
		BD2599FF1CC3EC7B000C612A /* League.swift */ = {isa = PBXFileReference; fileEncoding = 4; lastKnownFileType = sourcecode.swift; path = League.swift; sourceTree = "<group>"; };
		BD259A011CC3EE2C000C612A /* Player.swift */ = {isa = PBXFileReference; fileEncoding = 4; lastKnownFileType = sourcecode.swift; path = Player.swift; sourceTree = "<group>"; };
		BD259A031CC3EE3E000C612A /* Person.swift */ = {isa = PBXFileReference; fileEncoding = 4; lastKnownFileType = sourcecode.swift; path = Person.swift; sourceTree = "<group>"; };
		BD259A051CC3EF70000C612A /* Coach.swift */ = {isa = PBXFileReference; fileEncoding = 4; lastKnownFileType = sourcecode.swift; path = Coach.swift; sourceTree = "<group>"; };
		BD259A091CC3F06B000C612A /* Team.swift */ = {isa = PBXFileReference; fileEncoding = 4; lastKnownFileType = sourcecode.swift; path = Team.swift; sourceTree = "<group>"; };
		BD259A0B1CC3F1D6000C612A /* Organizers.swift */ = {isa = PBXFileReference; fileEncoding = 4; lastKnownFileType = sourcecode.swift; path = Organizers.swift; sourceTree = "<group>"; };
		BD259A0D1CC3F3E2000C612A /* LeaguesTableViewController.swift */ = {isa = PBXFileReference; fileEncoding = 4; lastKnownFileType = sourcecode.swift; path = LeaguesTableViewController.swift; sourceTree = "<group>"; };
		BD259A111CC3F4D8000C612A /* LeaguesTableViewCell.swift */ = {isa = PBXFileReference; fileEncoding = 4; lastKnownFileType = sourcecode.swift; path = LeaguesTableViewCell.swift; sourceTree = "<group>"; };
		BD259A151CC3F6FD000C612A /* BEActios.swift */ = {isa = PBXFileReference; fileEncoding = 4; lastKnownFileType = sourcecode.swift; path = BEActios.swift; sourceTree = "<group>"; };
		BD259A171CC406F1000C612A /* LeagueDetailTableViewController.swift */ = {isa = PBXFileReference; fileEncoding = 4; lastKnownFileType = sourcecode.swift; path = LeagueDetailTableViewController.swift; sourceTree = "<group>"; };
		BD259A1A1CC40B05000C612A /* LeagueDetalCellOnceSelected.swift */ = {isa = PBXFileReference; fileEncoding = 4; lastKnownFileType = sourcecode.swift; path = LeagueDetalCellOnceSelected.swift; sourceTree = "<group>"; };
		BD259A1C1CC40B75000C612A /* TeamNameTableViewCell.swift */ = {isa = PBXFileReference; fileEncoding = 4; lastKnownFileType = sourcecode.swift; path = TeamNameTableViewCell.swift; sourceTree = "<group>"; };
		BD259A1E1CC40B9A000C612A /* OrganizerNameTableViewCell.swift */ = {isa = PBXFileReference; fileEncoding = 4; lastKnownFileType = sourcecode.swift; path = OrganizerNameTableViewCell.swift; sourceTree = "<group>"; };
		BD259A201CC42AD6000C612A /* PlayerNameTableViewCell.swift */ = {isa = PBXFileReference; fileEncoding = 4; lastKnownFileType = sourcecode.swift; path = PlayerNameTableViewCell.swift; sourceTree = "<group>"; };
		BD259A221CC42B74000C612A /* TeamTableViewController.swift */ = {isa = PBXFileReference; fileEncoding = 4; lastKnownFileType = sourcecode.swift; path = TeamTableViewController.swift; sourceTree = "<group>"; };
		BD259A241CC43451000C612A /* CoachNameTableViewCell.swift */ = {isa = PBXFileReference; fileEncoding = 4; lastKnownFileType = sourcecode.swift; path = CoachNameTableViewCell.swift; sourceTree = "<group>"; };
		BD259A291CC43E23000C612A /* PlayerDetailsViewController.swift */ = {isa = PBXFileReference; fileEncoding = 4; lastKnownFileType = sourcecode.swift; path = PlayerDetailsViewController.swift; sourceTree = "<group>"; };
		BD259A2B1CC44299000C612A /* CoachDetailsViewController.swift */ = {isa = PBXFileReference; fileEncoding = 4; lastKnownFileType = sourcecode.swift; path = CoachDetailsViewController.swift; sourceTree = "<group>"; };
		BD259A2F1CC44658000C612A /* CaptainNameTableViewCell.swift */ = {isa = PBXFileReference; fileEncoding = 4; lastKnownFileType = sourcecode.swift; path = CaptainNameTableViewCell.swift; sourceTree = "<group>"; };
		BD259A311CC44811000C612A /* OrganizerDetailsViewController.swift */ = {isa = PBXFileReference; fileEncoding = 4; lastKnownFileType = sourcecode.swift; path = OrganizerDetailsViewController.swift; sourceTree = "<group>"; };
		BD259A331CC44C0E000C612A /* Game.swift */ = {isa = PBXFileReference; fileEncoding = 4; lastKnownFileType = sourcecode.swift; path = Game.swift; sourceTree = "<group>"; };
		BD259A351CC44C8E000C612A /* Field.swift */ = {isa = PBXFileReference; fileEncoding = 4; lastKnownFileType = sourcecode.swift; path = Field.swift; sourceTree = "<group>"; };
		BD259A371CC44DA8000C612A /* GameStat.swift */ = {isa = PBXFileReference; fileEncoding = 4; lastKnownFileType = sourcecode.swift; path = GameStat.swift; sourceTree = "<group>"; };
		BD259A3B1CC44ED0000C612A /* Card.swift */ = {isa = PBXFileReference; fileEncoding = 4; lastKnownFileType = sourcecode.swift; path = Card.swift; sourceTree = "<group>"; };
		BD259A3D1CC44EFD000C612A /* Goal.swift */ = {isa = PBXFileReference; fileEncoding = 4; lastKnownFileType = sourcecode.swift; path = Goal.swift; sourceTree = "<group>"; };
		BD259A3F1CC44F4C000C612A /* Referee.swift */ = {isa = PBXFileReference; fileEncoding = 4; lastKnownFileType = sourcecode.swift; path = Referee.swift; sourceTree = "<group>"; };
		BD4A89751CCAD3DB00DA715F /* TeamDetailsUITableViewController.swift */ = {isa = PBXFileReference; fileEncoding = 4; lastKnownFileType = sourcecode.swift; path = TeamDetailsUITableViewController.swift; sourceTree = "<group>"; };
		BD4A89771CCAD3F900DA715F /* EditTeamUITableViewController.swift */ = {isa = PBXFileReference; fileEncoding = 4; lastKnownFileType = sourcecode.swift; path = EditTeamUITableViewController.swift; sourceTree = "<group>"; };
		BDBF01481CC9D8AF00970726 /* AddNewFieldUIViewController.swift */ = {isa = PBXFileReference; fileEncoding = 4; lastKnownFileType = sourcecode.swift; path = AddNewFieldUIViewController.swift; sourceTree = "<group>"; };
		BDBF014A1CC9EF9A00970726 /* DatePickerDialog.swift */ = {isa = PBXFileReference; fileEncoding = 4; lastKnownFileType = sourcecode.swift; path = DatePickerDialog.swift; sourceTree = "<group>"; };
		BDBF014C1CC9F64800970726 /* GameCellUITableViewCell.swift */ = {isa = PBXFileReference; fileEncoding = 4; lastKnownFileType = sourcecode.swift; path = GameCellUITableViewCell.swift; sourceTree = "<group>"; };
		BDBF01501CCA12D700970726 /* UpdateGameStatTableViewController.swift */ = {isa = PBXFileReference; fileEncoding = 4; lastKnownFileType = sourcecode.swift; path = UpdateGameStatTableViewController.swift; sourceTree = "<group>"; };
		BDBF01521CCA1CAF00970726 /* AddGoalUITableViewController.swift */ = {isa = PBXFileReference; fileEncoding = 4; lastKnownFileType = sourcecode.swift; path = AddGoalUITableViewController.swift; sourceTree = "<group>"; };
		BDBF01541CCA1CC400970726 /* AddCardUITableViewController.swift */ = {isa = PBXFileReference; fileEncoding = 4; lastKnownFileType = sourcecode.swift; path = AddCardUITableViewController.swift; sourceTree = "<group>"; };
		BDFC79361CC7F5D3007D6784 /* btnRegister.png */ = {isa = PBXFileReference; lastKnownFileType = image.png; path = btnRegister.png; sourceTree = "<group>"; };
		BDFC79381CC7F5E2007D6784 /* btnSignin.png */ = {isa = PBXFileReference; lastKnownFileType = image.png; path = btnSignin.png; sourceTree = "<group>"; };
		BDFC79391CC7F5E2007D6784 /* Default-568h@2x.png */ = {isa = PBXFileReference; lastKnownFileType = image.png; path = "Default-568h@2x.png"; sourceTree = "<group>"; };
		BDFC793A1CC7F5E2007D6784 /* Museo500-Regular.otf */ = {isa = PBXFileReference; lastKnownFileType = file; path = "Museo500-Regular.otf"; sourceTree = "<group>"; };
		BDFC793B1CC7F5E2007D6784 /* test.mp4 */ = {isa = PBXFileReference; lastKnownFileType = file; path = test.mp4; sourceTree = "<group>"; };
		BDFC79401CC7FCC1007D6784 /* backgroundImage.jpg */ = {isa = PBXFileReference; lastKnownFileType = image.jpeg; path = backgroundImage.jpg; sourceTree = "<group>"; };
		BDFC79421CC7FE29007D6784 /* CreateAccountViewController.xib */ = {isa = PBXFileReference; fileEncoding = 4; lastKnownFileType = file.xib; path = CreateAccountViewController.xib; sourceTree = "<group>"; };
		BDFC79441CC7FE2E007D6784 /* CreateAccountViewController.swift */ = {isa = PBXFileReference; fileEncoding = 4; lastKnownFileType = sourcecode.swift; path = CreateAccountViewController.swift; sourceTree = "<group>"; };
		BDFC79461CC96F37007D6784 /* PopulateLeagueUITableViewController.swift */ = {isa = PBXFileReference; fileEncoding = 4; lastKnownFileType = sourcecode.swift; path = PopulateLeagueUITableViewController.swift; sourceTree = "<group>"; };
		BDFC79481CC9C75C007D6784 /* gameTimeUITableViewCell.swift */ = {isa = PBXFileReference; fileEncoding = 4; lastKnownFileType = sourcecode.swift; path = gameTimeUITableViewCell.swift; sourceTree = "<group>"; };
		BDFC794A1CC9C831007D6784 /* AddGameUITableViewController.swift */ = {isa = PBXFileReference; fileEncoding = 4; lastKnownFileType = sourcecode.swift; path = AddGameUITableViewController.swift; sourceTree = "<group>"; };
		BDFC794C1CC9CD8E007D6784 /* FieldsUITableViewController.swift */ = {isa = PBXFileReference; fileEncoding = 4; lastKnownFileType = sourcecode.swift; path = FieldsUITableViewController.swift; sourceTree = "<group>"; };
		BDFC794E1CC9D196007D6784 /* FieldCellUITableViewCell.swift */ = {isa = PBXFileReference; fileEncoding = 4; lastKnownFileType = sourcecode.swift; path = FieldCellUITableViewCell.swift; sourceTree = "<group>"; };
		BE331924FCF1183291FAFCD0 /* Pods-SLMS.debug.xcconfig */ = {isa = PBXFileReference; includeInIndex = 1; lastKnownFileType = text.xcconfig; name = "Pods-SLMS.debug.xcconfig"; path = "Pods/Target Support Files/Pods-SLMS/Pods-SLMS.debug.xcconfig"; sourceTree = "<group>"; };
		BFAF879C3DF5627182CD3C58 /* Pods-SLMS.release.xcconfig */ = {isa = PBXFileReference; includeInIndex = 1; lastKnownFileType = text.xcconfig; name = "Pods-SLMS.release.xcconfig"; path = "Pods/Target Support Files/Pods-SLMS/Pods-SLMS.release.xcconfig"; sourceTree = "<group>"; };
		C302DEC31CC70A3500699CEB /* TeamsListTableViewController.swift */ = {isa = PBXFileReference; fileEncoding = 4; lastKnownFileType = sourcecode.swift; path = TeamsListTableViewController.swift; sourceTree = "<group>"; };
		C302DEC51CC7117900699CEB /* AddTeamTableViewController.swift */ = {isa = PBXFileReference; fileEncoding = 4; lastKnownFileType = sourcecode.swift; path = AddTeamTableViewController.swift; sourceTree = "<group>"; };
		C302DEC71CC734E700699CEB /* teamNameInputTableViewCell.swift */ = {isa = PBXFileReference; fileEncoding = 4; lastKnownFileType = sourcecode.swift; path = teamNameInputTableViewCell.swift; sourceTree = "<group>"; };
/* End PBXFileReference section */

/* Begin PBXFrameworksBuildPhase section */
		BD2599E41CC3E8FD000C612A /* Frameworks */ = {
			isa = PBXFrameworksBuildPhase;
			buildActionMask = 2147483647;
			files = (
				79BF6DFC3E2F77558978AF57 /* Pods_SLMS.framework in Frameworks */,
			);
			runOnlyForDeploymentPostprocessing = 0;
		};
/* End PBXFrameworksBuildPhase section */

/* Begin PBXGroup section */
		14E9A72FE471A80FC5366B5B /* Pods */ = {
			isa = PBXGroup;
			children = (
				BE331924FCF1183291FAFCD0 /* Pods-SLMS.debug.xcconfig */,
				BFAF879C3DF5627182CD3C58 /* Pods-SLMS.release.xcconfig */,
			);
			name = Pods;
			sourceTree = "<group>";
		};
		7A3329A5414A7ACC8C982C3D /* Frameworks */ = {
			isa = PBXGroup;
			children = (
				217DCF4D16CBC6D086DC928F /* Pods_SLMS.framework */,
			);
			name = Frameworks;
			sourceTree = "<group>";
		};
		BD2599DE1CC3E8FD000C612A = {
			isa = PBXGroup;
			children = (
				BD2599E91CC3E8FD000C612A /* SLMS */,
				BD2599E81CC3E8FD000C612A /* Products */,
				14E9A72FE471A80FC5366B5B /* Pods */,
				7A3329A5414A7ACC8C982C3D /* Frameworks */,
			);
			sourceTree = "<group>";
		};
		BD2599E81CC3E8FD000C612A /* Products */ = {
			isa = PBXGroup;
			children = (
				BD2599E71CC3E8FD000C612A /* SLMS.app */,
			);
			name = Products;
			sourceTree = "<group>";
		};
		BD2599E91CC3E8FD000C612A /* SLMS */ = {
			isa = PBXGroup;
			children = (
				BDFC79351CC7F5C2007D6784 /* Resources */,
				BD2599FE1CC3EBC5000C612A /* DBModels */,
				BD2599EA1CC3E8FD000C612A /* AppDelegate.swift */,
				BD2599F01CC3E8FD000C612A /* Main.storyboard */,
				BDFC79421CC7FE29007D6784 /* CreateAccountViewController.xib */,
				BD2599F31CC3E8FD000C612A /* Assets.xcassets */,
				BD2599F51CC3E8FD000C612A /* LaunchScreen.storyboard */,
				BD2599F81CC3E8FD000C612A /* Info.plist */,
				BD259A281CC43DE0000C612A /* ViewControllers */,
				BD259A191CC40AA1000C612A /* TableCells */,
			);
			path = SLMS;
			sourceTree = "<group>";
		};
		BD2599FE1CC3EBC5000C612A /* DBModels */ = {
			isa = PBXGroup;
			children = (
				BD259A151CC3F6FD000C612A /* BEActios.swift */,
				BD2599FF1CC3EC7B000C612A /* League.swift */,
				BD259A011CC3EE2C000C612A /* Player.swift */,
				BD259A031CC3EE3E000C612A /* Person.swift */,
				BD259A051CC3EF70000C612A /* Coach.swift */,
				BD259A091CC3F06B000C612A /* Team.swift */,
				BD259A0B1CC3F1D6000C612A /* Organizers.swift */,
				BD259A331CC44C0E000C612A /* Game.swift */,
				BD259A351CC44C8E000C612A /* Field.swift */,
				BD259A371CC44DA8000C612A /* GameStat.swift */,
				BD259A3B1CC44ED0000C612A /* Card.swift */,
				BD259A3D1CC44EFD000C612A /* Goal.swift */,
				BD259A3F1CC44F4C000C612A /* Referee.swift */,
			);
			name = DBModels;
			sourceTree = "<group>";
		};
		BD259A191CC40AA1000C612A /* TableCells */ = {
			isa = PBXGroup;
			children = (
				BD259A111CC3F4D8000C612A /* LeaguesTableViewCell.swift */,
				BD259A1A1CC40B05000C612A /* LeagueDetalCellOnceSelected.swift */,
				BD259A1C1CC40B75000C612A /* TeamNameTableViewCell.swift */,
				BD259A1E1CC40B9A000C612A /* OrganizerNameTableViewCell.swift */,
				BD259A201CC42AD6000C612A /* PlayerNameTableViewCell.swift */,
				BD259A241CC43451000C612A /* CoachNameTableViewCell.swift */,
				BD259A2F1CC44658000C612A /* CaptainNameTableViewCell.swift */,
				C302DEC71CC734E700699CEB /* teamNameInputTableViewCell.swift */,
				BDFC79481CC9C75C007D6784 /* gameTimeUITableViewCell.swift */,
				BDFC794E1CC9D196007D6784 /* FieldCellUITableViewCell.swift */,
				BDBF014C1CC9F64800970726 /* GameCellUITableViewCell.swift */,
			);
			name = TableCells;
			sourceTree = "<group>";
		};
		BD259A281CC43DE0000C612A /* ViewControllers */ = {
			isa = PBXGroup;
			children = (
				BDFC79441CC7FE2E007D6784 /* CreateAccountViewController.swift */,
				BD259A0D1CC3F3E2000C612A /* LeaguesTableViewController.swift */,
				BD259A171CC406F1000C612A /* LeagueDetailTableViewController.swift */,
				6057EF3D1CC5C2BC00AD564D /* AddLeagueViewController.swift */,
				BD259A221CC42B74000C612A /* TeamTableViewController.swift */,
				BD259A291CC43E23000C612A /* PlayerDetailsViewController.swift */,
				BD259A2B1CC44299000C612A /* CoachDetailsViewController.swift */,
				BD259A311CC44811000C612A /* OrganizerDetailsViewController.swift */,
				C302DEC51CC7117900699CEB /* AddTeamTableViewController.swift */,
				6057EF3F1CC5F09500AD564D /* UpdateLeagueUIViewController.swift */,
				C302DEC31CC70A3500699CEB /* TeamsListTableViewController.swift */,
				BDFC79461CC96F37007D6784 /* PopulateLeagueUITableViewController.swift */,
				BDFC794A1CC9C831007D6784 /* AddGameUITableViewController.swift */,
				BDFC794C1CC9CD8E007D6784 /* FieldsUITableViewController.swift */,
				BDBF01481CC9D8AF00970726 /* AddNewFieldUIViewController.swift */,
				BDBF01501CCA12D700970726 /* UpdateGameStatTableViewController.swift */,
				BDBF01521CCA1CAF00970726 /* AddGoalUITableViewController.swift */,
				BDBF01541CCA1CC400970726 /* AddCardUITableViewController.swift */,
				BD4A89751CCAD3DB00DA715F /* TeamDetailsUITableViewController.swift */,
				BD4A89771CCAD3F900DA715F /* EditTeamUITableViewController.swift */,
			);
			name = ViewControllers;
			sourceTree = "<group>";
		};
		BDFC79351CC7F5C2007D6784 /* Resources */ = {
			isa = PBXGroup;
			children = (
				BDBF014A1CC9EF9A00970726 /* DatePickerDialog.swift */,
				BDFC79401CC7FCC1007D6784 /* backgroundImage.jpg */,
				BDFC79381CC7F5E2007D6784 /* btnSignin.png */,
				BDFC79391CC7F5E2007D6784 /* Default-568h@2x.png */,
				BDFC793A1CC7F5E2007D6784 /* Museo500-Regular.otf */,
				BDFC793B1CC7F5E2007D6784 /* test.mp4 */,
				BDFC79361CC7F5D3007D6784 /* btnRegister.png */,
			);
			name = Resources;
			sourceTree = "<group>";
		};
/* End PBXGroup section */

/* Begin PBXNativeTarget section */
		BD2599E61CC3E8FD000C612A /* SLMS */ = {
			isa = PBXNativeTarget;
			buildConfigurationList = BD2599FB1CC3E8FD000C612A /* Build configuration list for PBXNativeTarget "SLMS" */;
			buildPhases = (
				188300010F0BD4E231DE28DA /* Check Pods Manifest.lock */,
				BD2599E31CC3E8FD000C612A /* Sources */,
				BD2599E41CC3E8FD000C612A /* Frameworks */,
				BD2599E51CC3E8FD000C612A /* Resources */,
				9D19A2EEE5525E69C3FDEBE0 /* Embed Pods Frameworks */,
				09BE3F5AB090D24AB5F41387 /* Copy Pods Resources */,
			);
			buildRules = (
			);
			dependencies = (
			);
			name = SLMS;
			productName = SLMS;
			productReference = BD2599E71CC3E8FD000C612A /* SLMS.app */;
			productType = "com.apple.product-type.application";
		};
/* End PBXNativeTarget section */

/* Begin PBXProject section */
		BD2599DF1CC3E8FD000C612A /* Project object */ = {
			isa = PBXProject;
			attributes = {
				LastSwiftUpdateCheck = 0710;
				LastUpgradeCheck = 0710;
				ORGANIZATIONNAME = "Nabil Ali Muthanna ";
				TargetAttributes = {
					BD2599E61CC3E8FD000C612A = {
						CreatedOnToolsVersion = 7.1.1;
					};
				};
			};
			buildConfigurationList = BD2599E21CC3E8FD000C612A /* Build configuration list for PBXProject "SLMS" */;
			compatibilityVersion = "Xcode 3.2";
			developmentRegion = English;
			hasScannedForEncodings = 0;
			knownRegions = (
				en,
				Base,
			);
			mainGroup = BD2599DE1CC3E8FD000C612A;
			productRefGroup = BD2599E81CC3E8FD000C612A /* Products */;
			projectDirPath = "";
			projectRoot = "";
			targets = (
				BD2599E61CC3E8FD000C612A /* SLMS */,
			);
		};
/* End PBXProject section */

/* Begin PBXResourcesBuildPhase section */
		BD2599E51CC3E8FD000C612A /* Resources */ = {
			isa = PBXResourcesBuildPhase;
			buildActionMask = 2147483647;
			files = (
				BDFC793C1CC7F5E2007D6784 /* btnSignin.png in Resources */,
				BD2599F71CC3E8FD000C612A /* LaunchScreen.storyboard in Resources */,
				BDFC79431CC7FE29007D6784 /* CreateAccountViewController.xib in Resources */,
				BD2599F41CC3E8FD000C612A /* Assets.xcassets in Resources */,
				BD2599F21CC3E8FD000C612A /* Main.storyboard in Resources */,
				BDFC793E1CC7F5E2007D6784 /* Museo500-Regular.otf in Resources */,
				BDFC79371CC7F5D3007D6784 /* btnRegister.png in Resources */,
				BDFC79411CC7FCC1007D6784 /* backgroundImage.jpg in Resources */,
				BDFC793D1CC7F5E2007D6784 /* Default-568h@2x.png in Resources */,
				BDFC793F1CC7F5E2007D6784 /* test.mp4 in Resources */,
			);
			runOnlyForDeploymentPostprocessing = 0;
		};
/* End PBXResourcesBuildPhase section */

/* Begin PBXShellScriptBuildPhase section */
		09BE3F5AB090D24AB5F41387 /* Copy Pods Resources */ = {
			isa = PBXShellScriptBuildPhase;
			buildActionMask = 2147483647;
			files = (
			);
			inputPaths = (
			);
			name = "Copy Pods Resources";
			outputPaths = (
			);
			runOnlyForDeploymentPostprocessing = 0;
			shellPath = /bin/sh;
			shellScript = "\"${SRCROOT}/Pods/Target Support Files/Pods-SLMS/Pods-SLMS-resources.sh\"\n";
			showEnvVarsInLog = 0;
		};
		188300010F0BD4E231DE28DA /* Check Pods Manifest.lock */ = {
			isa = PBXShellScriptBuildPhase;
			buildActionMask = 2147483647;
			files = (
			);
			inputPaths = (
			);
			name = "Check Pods Manifest.lock";
			outputPaths = (
			);
			runOnlyForDeploymentPostprocessing = 0;
			shellPath = /bin/sh;
			shellScript = "diff \"${PODS_ROOT}/../Podfile.lock\" \"${PODS_ROOT}/Manifest.lock\" > /dev/null\nif [[ $? != 0 ]] ; then\n    cat << EOM\nerror: The sandbox is not in sync with the Podfile.lock. Run 'pod install' or update your CocoaPods installation.\nEOM\n    exit 1\nfi\n";
			showEnvVarsInLog = 0;
		};
		9D19A2EEE5525E69C3FDEBE0 /* Embed Pods Frameworks */ = {
			isa = PBXShellScriptBuildPhase;
			buildActionMask = 2147483647;
			files = (
			);
			inputPaths = (
			);
			name = "Embed Pods Frameworks";
			outputPaths = (
			);
			runOnlyForDeploymentPostprocessing = 0;
			shellPath = /bin/sh;
			shellScript = "\"${SRCROOT}/Pods/Target Support Files/Pods-SLMS/Pods-SLMS-frameworks.sh\"\n";
			showEnvVarsInLog = 0;
		};
/* End PBXShellScriptBuildPhase section */

/* Begin PBXSourcesBuildPhase section */
		BD2599E31CC3E8FD000C612A /* Sources */ = {
			isa = PBXSourcesBuildPhase;
			buildActionMask = 2147483647;
			files = (
				BD259A0A1CC3F06B000C612A /* Team.swift in Sources */,
				BDFC794B1CC9C831007D6784 /* AddGameUITableViewController.swift in Sources */,
				BD259A1D1CC40B75000C612A /* TeamNameTableViewCell.swift in Sources */,
				C302DEC41CC70A3500699CEB /* TeamsListTableViewController.swift in Sources */,
				BDBF01511CCA12D700970726 /* UpdateGameStatTableViewController.swift in Sources */,
				BDBF01531CCA1CAF00970726 /* AddGoalUITableViewController.swift in Sources */,
				BD4A89781CCAD3F900DA715F /* EditTeamUITableViewController.swift in Sources */,
				BDFC794D1CC9CD8E007D6784 /* FieldsUITableViewController.swift in Sources */,
				BDFC79451CC7FE2E007D6784 /* CreateAccountViewController.swift in Sources */,
				BD259A0C1CC3F1D6000C612A /* Organizers.swift in Sources */,
				6057EF401CC5F09500AD564D /* UpdateLeagueUIViewController.swift in Sources */,
				BD259A231CC42B74000C612A /* TeamTableViewController.swift in Sources */,
				C302DEC81CC734E700699CEB /* teamNameInputTableViewCell.swift in Sources */,
				BD4A89761CCAD3DB00DA715F /* TeamDetailsUITableViewController.swift in Sources */,
				BD259A041CC3EE3E000C612A /* Person.swift in Sources */,
				BDBF01551CCA1CC400970726 /* AddCardUITableViewController.swift in Sources */,
				BD259A0E1CC3F3E2000C612A /* LeaguesTableViewController.swift in Sources */,
				BDFC79471CC96F37007D6784 /* PopulateLeagueUITableViewController.swift in Sources */,
				BD259A161CC3F6FD000C612A /* BEActios.swift in Sources */,
				BD259A181CC406F1000C612A /* LeagueDetailTableViewController.swift in Sources */,
				BD259A251CC43451000C612A /* CoachNameTableViewCell.swift in Sources */,
				BDFC794F1CC9D196007D6784 /* FieldCellUITableViewCell.swift in Sources */,
				BD259A3C1CC44ED0000C612A /* Card.swift in Sources */,
				C302DEC61CC7117900699CEB /* AddTeamTableViewController.swift in Sources */,
				6057EF3E1CC5C2BC00AD564D /* AddLeagueViewController.swift in Sources */,
				BD259A1F1CC40B9A000C612A /* OrganizerNameTableViewCell.swift in Sources */,
				BDBF014D1CC9F64800970726 /* GameCellUITableViewCell.swift in Sources */,
				BD259A401CC44F4C000C612A /* Referee.swift in Sources */,
				BD2599EB1CC3E8FD000C612A /* AppDelegate.swift in Sources */,
				BDFC79491CC9C75C007D6784 /* gameTimeUITableViewCell.swift in Sources */,
				BD259A301CC44658000C612A /* CaptainNameTableViewCell.swift in Sources */,
				BD259A321CC44811000C612A /* OrganizerDetailsViewController.swift in Sources */,
				BD259A001CC3EC7B000C612A /* League.swift in Sources */,
				BD259A211CC42AD6000C612A /* PlayerNameTableViewCell.swift in Sources */,
				BD259A341CC44C0E000C612A /* Game.swift in Sources */,
				BDBF014B1CC9EF9A00970726 /* DatePickerDialog.swift in Sources */,
				BD259A2A1CC43E23000C612A /* PlayerDetailsViewController.swift in Sources */,
				BD259A021CC3EE2C000C612A /* Player.swift in Sources */,
				BD259A3E1CC44EFD000C612A /* Goal.swift in Sources */,
				BD259A2C1CC44299000C612A /* CoachDetailsViewController.swift in Sources */,
				BD259A361CC44C8E000C612A /* Field.swift in Sources */,
				BD259A1B1CC40B05000C612A /* LeagueDetalCellOnceSelected.swift in Sources */,
				BDBF01491CC9D8AF00970726 /* AddNewFieldUIViewController.swift in Sources */,
				BD259A061CC3EF70000C612A /* Coach.swift in Sources */,
				BD259A121CC3F4D8000C612A /* LeaguesTableViewCell.swift in Sources */,
				BD259A381CC44DA8000C612A /* GameStat.swift in Sources */,
			);
			runOnlyForDeploymentPostprocessing = 0;
		};
/* End PBXSourcesBuildPhase section */

/* Begin PBXVariantGroup section */
		BD2599F01CC3E8FD000C612A /* Main.storyboard */ = {
			isa = PBXVariantGroup;
			children = (
				BD2599F11CC3E8FD000C612A /* Base */,
			);
			name = Main.storyboard;
			sourceTree = "<group>";
		};
		BD2599F51CC3E8FD000C612A /* LaunchScreen.storyboard */ = {
			isa = PBXVariantGroup;
			children = (
				BD2599F61CC3E8FD000C612A /* Base */,
			);
			name = LaunchScreen.storyboard;
			sourceTree = "<group>";
		};
/* End PBXVariantGroup section */

/* Begin XCBuildConfiguration section */
		BD2599F91CC3E8FD000C612A /* Debug */ = {
			isa = XCBuildConfiguration;
			buildSettings = {
				ALWAYS_SEARCH_USER_PATHS = NO;
				CLANG_CXX_LANGUAGE_STANDARD = "gnu++0x";
				CLANG_CXX_LIBRARY = "libc++";
				CLANG_ENABLE_MODULES = YES;
				CLANG_ENABLE_OBJC_ARC = YES;
				CLANG_WARN_BOOL_CONVERSION = YES;
				CLANG_WARN_CONSTANT_CONVERSION = YES;
				CLANG_WARN_DIRECT_OBJC_ISA_USAGE = YES_ERROR;
				CLANG_WARN_EMPTY_BODY = YES;
				CLANG_WARN_ENUM_CONVERSION = YES;
				CLANG_WARN_INT_CONVERSION = YES;
				CLANG_WARN_OBJC_ROOT_CLASS = YES_ERROR;
				CLANG_WARN_UNREACHABLE_CODE = YES;
				CLANG_WARN__DUPLICATE_METHOD_MATCH = YES;
				"CODE_SIGN_IDENTITY[sdk=iphoneos*]" = "iPhone Developer";
				COPY_PHASE_STRIP = NO;
				DEBUG_INFORMATION_FORMAT = dwarf;
				ENABLE_STRICT_OBJC_MSGSEND = YES;
				ENABLE_TESTABILITY = YES;
				GCC_C_LANGUAGE_STANDARD = gnu99;
				GCC_DYNAMIC_NO_PIC = NO;
				GCC_NO_COMMON_BLOCKS = YES;
				GCC_OPTIMIZATION_LEVEL = 0;
				GCC_PREPROCESSOR_DEFINITIONS = (
					"DEBUG=1",
					"$(inherited)",
				);
				GCC_WARN_64_TO_32_BIT_CONVERSION = YES;
				GCC_WARN_ABOUT_RETURN_TYPE = YES_ERROR;
				GCC_WARN_UNDECLARED_SELECTOR = YES;
				GCC_WARN_UNINITIALIZED_AUTOS = YES_AGGRESSIVE;
				GCC_WARN_UNUSED_FUNCTION = YES;
				GCC_WARN_UNUSED_VARIABLE = YES;
				IPHONEOS_DEPLOYMENT_TARGET = 9.1;
				MTL_ENABLE_DEBUG_INFO = YES;
				ONLY_ACTIVE_ARCH = YES;
				SDKROOT = iphoneos;
				SWIFT_OPTIMIZATION_LEVEL = "-Onone";
			};
			name = Debug;
		};
		BD2599FA1CC3E8FD000C612A /* Release */ = {
			isa = XCBuildConfiguration;
			buildSettings = {
				ALWAYS_SEARCH_USER_PATHS = NO;
				CLANG_CXX_LANGUAGE_STANDARD = "gnu++0x";
				CLANG_CXX_LIBRARY = "libc++";
				CLANG_ENABLE_MODULES = YES;
				CLANG_ENABLE_OBJC_ARC = YES;
				CLANG_WARN_BOOL_CONVERSION = YES;
				CLANG_WARN_CONSTANT_CONVERSION = YES;
				CLANG_WARN_DIRECT_OBJC_ISA_USAGE = YES_ERROR;
				CLANG_WARN_EMPTY_BODY = YES;
				CLANG_WARN_ENUM_CONVERSION = YES;
				CLANG_WARN_INT_CONVERSION = YES;
				CLANG_WARN_OBJC_ROOT_CLASS = YES_ERROR;
				CLANG_WARN_UNREACHABLE_CODE = YES;
				CLANG_WARN__DUPLICATE_METHOD_MATCH = YES;
				"CODE_SIGN_IDENTITY[sdk=iphoneos*]" = "iPhone Developer";
				COPY_PHASE_STRIP = NO;
				DEBUG_INFORMATION_FORMAT = "dwarf-with-dsym";
				ENABLE_NS_ASSERTIONS = NO;
				ENABLE_STRICT_OBJC_MSGSEND = YES;
				GCC_C_LANGUAGE_STANDARD = gnu99;
				GCC_NO_COMMON_BLOCKS = YES;
				GCC_WARN_64_TO_32_BIT_CONVERSION = YES;
				GCC_WARN_ABOUT_RETURN_TYPE = YES_ERROR;
				GCC_WARN_UNDECLARED_SELECTOR = YES;
				GCC_WARN_UNINITIALIZED_AUTOS = YES_AGGRESSIVE;
				GCC_WARN_UNUSED_FUNCTION = YES;
				GCC_WARN_UNUSED_VARIABLE = YES;
				IPHONEOS_DEPLOYMENT_TARGET = 9.1;
				MTL_ENABLE_DEBUG_INFO = NO;
				SDKROOT = iphoneos;
				VALIDATE_PRODUCT = YES;
			};
			name = Release;
		};
		BD2599FC1CC3E8FD000C612A /* Debug */ = {
			isa = XCBuildConfiguration;
			baseConfigurationReference = BE331924FCF1183291FAFCD0 /* Pods-SLMS.debug.xcconfig */;
			buildSettings = {
				ASSETCATALOG_COMPILER_APPICON_NAME = AppIcon;
				INFOPLIST_FILE = SLMS/Info.plist;
				LD_RUNPATH_SEARCH_PATHS = "$(inherited) @executable_path/Frameworks";
				PRODUCT_BUNDLE_IDENTIFIER = com.nabilAliMuthanna.SLMS;
				PRODUCT_NAME = "$(TARGET_NAME)";
			};
			name = Debug;
		};
		BD2599FD1CC3E8FD000C612A /* Release */ = {
			isa = XCBuildConfiguration;
			baseConfigurationReference = BFAF879C3DF5627182CD3C58 /* Pods-SLMS.release.xcconfig */;
			buildSettings = {
				ASSETCATALOG_COMPILER_APPICON_NAME = AppIcon;
				INFOPLIST_FILE = SLMS/Info.plist;
				LD_RUNPATH_SEARCH_PATHS = "$(inherited) @executable_path/Frameworks";
				PRODUCT_BUNDLE_IDENTIFIER = com.nabilAliMuthanna.SLMS;
				PRODUCT_NAME = "$(TARGET_NAME)";
			};
			name = Release;
		};
/* End XCBuildConfiguration section */

/* Begin XCConfigurationList section */
		BD2599E21CC3E8FD000C612A /* Build configuration list for PBXProject "SLMS" */ = {
			isa = XCConfigurationList;
			buildConfigurations = (
				BD2599F91CC3E8FD000C612A /* Debug */,
				BD2599FA1CC3E8FD000C612A /* Release */,
			);
			defaultConfigurationIsVisible = 0;
			defaultConfigurationName = Release;
		};
		BD2599FB1CC3E8FD000C612A /* Build configuration list for PBXNativeTarget "SLMS" */ = {
			isa = XCConfigurationList;
			buildConfigurations = (
				BD2599FC1CC3E8FD000C612A /* Debug */,
				BD2599FD1CC3E8FD000C612A /* Release */,
			);
			defaultConfigurationIsVisible = 0;
			defaultConfigurationName = Release;
		};
/* End XCConfigurationList section */
	};
	rootObject = BD2599DF1CC3E8FD000C612A /* Project object */;
}
